
Microsoft Visual Studio Solution File, Format Version 12.00
# Visual Studio Version 16
VisualStudioVersion = 16.0.29409.12
MinimumVisualStudioVersion = 10.0.40219.1
Project("{2150E333-8FDC-42A3-9474-1A3956D46DE8}") = "Tests", "Tests", "{5C8B7391-D202-4B09-8991-3EBAC09A585E}"
EndProject
Project("{F5034706-568F-408A-B7B3-4D38C6DB8A32}") = "Arcus.Scripting.Tests.Unit", "Arcus.Scripting.Tests.Unit\Arcus.Scripting.Tests.Unit.pssproj", "{6CAFC0C6-A428-4D30-A9F9-700E829FEA51}"
EndProject
Project("{F5034706-568F-408A-B7B3-4D38C6DB8A32}") = "Arcus.Scripting.ApiManagement", "Arcus.Scripting.ApiManagement\Arcus.Scripting.ApiManagement.pssproj", "{FC575A21-8EDB-4FE4-AA02-6869D2F0D51A}"
EndProject
Project("{F5034706-568F-408A-B7B3-4D38C6DB8A32}") = "Arcus.Scripting.ARM", "Arcus.Scripting.ARM\Arcus.Scripting.ARM.pssproj", "{5499BA14-07A1-40FF-B7B4-17B19E4C9DBE}"
EndProject
Project("{F5034706-568F-408A-B7B3-4D38C6DB8A32}") = "Arcus.Scripting.KeyVault", "Arcus.Scripting.KeyVault\Arcus.Scripting.KeyVault.pssproj", "{AC784A55-CCE0-402F-99D0-4EB9147B3566}"
EndProject
Project("{F5034706-568F-408A-B7B3-4D38C6DB8A32}") = "Arcus.Scripting.Tests.Integration", "Arcus.Scripting.Tests.Integration\Arcus.Scripting.Tests.Integration.pssproj", "{BA3FF06C-CEFC-403D-BCCB-82AE90452B89}"
EndProject
Project("{F5034706-568F-408A-B7B3-4D38C6DB8A32}") = "Arcus.Scripting.DataFactory", "Arcus.Scripting.DataFactory\Arcus.Scripting.DataFactory.pssproj", "{87004BAB-DAAC-4344-A719-2C8164DA9B27}"
EndProject
Project("{F5034706-568F-408A-B7B3-4D38C6DB8A32}") = "Arcus.Scripting.DevOps", "Arcus.Scripting.DevOps\Arcus.Scripting.DevOps.pssproj", "{E5C773FE-4B4A-41A0-B2E4-1379E35DD7D2}"
EndProject
Project("{F5034706-568F-408A-B7B3-4D38C6DB8A32}") = "Arcus.Scripting.Storage.Table", "Arcus.Scripting.Storage.Table\Arcus.Scripting.Storage.Table.pssproj", "{893FC428-7C18-40EF-81E8-244635579CC7}"
EndProject
Project("{F5034706-568F-408A-B7B3-4D38C6DB8A32}") = "Arcus.Scripting.Security", "Arcus.Scripting.Security\Arcus.Scripting.Security.pssproj", "{FBE6E01F-0A36-4AD2-AA70-F1DFA8791B81}"
EndProject
Project("{F5034706-568F-408A-B7B3-4D38C6DB8A32}") = "Arcus.Scripting.LogicApps", "Arcus.Scripting.LogicApps\Arcus.Scripting.LogicApps.pssproj", "{F6875CE9-D6B8-4715-9A31-CBDFE1DF85BC}"
EndProject
Project("{F5034706-568F-408A-B7B3-4D38C6DB8A32}") = "Arcus.Scripting.Storage.Blob", "Arcus.Scripting.Storage.Blob\Arcus.Scripting.Storage.Blob.pssproj", "{52CAB8BE-CF6C-4894-961E-3A4A9C662F2F}"
EndProject
Project("{F5034706-568F-408A-B7B3-4D38C6DB8A32}") = "Arcus.Scripting.Storage.FileShare", "Arcus.Scripting.Storage.FileShare\Arcus.Scripting.Storage.FileShare.pssproj", "{C3C77DDA-A729-499A-9138-745FB622212A}"
EndProject
Project("{F5034706-568F-408A-B7B3-4D38C6DB8A32}") = "Arcus.Scripting.Storage.All", "Arcus.Scripting.Storage.All\Arcus.Scripting.Storage.All.pssproj", "{40345308-5871-4BDC-8D77-07E7B702F169}"
EndProject
Project("{F5034706-568F-408A-B7B3-4D38C6DB8A32}") = "Arcus.Scripting.All", "Arcus.Scripting.All\Arcus.Scripting.All.pssproj", "{A3FD9C88-5283-40BB-81D0-44708C8313D8}"
EndProject
Global
	GlobalSection(SolutionConfigurationPlatforms) = preSolution
		Debug|Any CPU = Debug|Any CPU
		Release|Any CPU = Release|Any CPU
	EndGlobalSection
	GlobalSection(ProjectConfigurationPlatforms) = postSolution
		{6CAFC0C6-A428-4D30-A9F9-700E829FEA51}.Debug|Any CPU.ActiveCfg = Debug|Any CPU
		{6CAFC0C6-A428-4D30-A9F9-700E829FEA51}.Debug|Any CPU.Build.0 = Debug|Any CPU
		{6CAFC0C6-A428-4D30-A9F9-700E829FEA51}.Release|Any CPU.ActiveCfg = Release|Any CPU
		{6CAFC0C6-A428-4D30-A9F9-700E829FEA51}.Release|Any CPU.Build.0 = Release|Any CPU
		{FC575A21-8EDB-4FE4-AA02-6869D2F0D51A}.Debug|Any CPU.ActiveCfg = Debug|Any CPU
		{FC575A21-8EDB-4FE4-AA02-6869D2F0D51A}.Debug|Any CPU.Build.0 = Debug|Any CPU
		{FC575A21-8EDB-4FE4-AA02-6869D2F0D51A}.Release|Any CPU.ActiveCfg = Release|Any CPU
		{FC575A21-8EDB-4FE4-AA02-6869D2F0D51A}.Release|Any CPU.Build.0 = Release|Any CPU
		{5499BA14-07A1-40FF-B7B4-17B19E4C9DBE}.Debug|Any CPU.ActiveCfg = Debug|Any CPU
		{5499BA14-07A1-40FF-B7B4-17B19E4C9DBE}.Debug|Any CPU.Build.0 = Debug|Any CPU
		{5499BA14-07A1-40FF-B7B4-17B19E4C9DBE}.Release|Any CPU.ActiveCfg = Release|Any CPU
		{5499BA14-07A1-40FF-B7B4-17B19E4C9DBE}.Release|Any CPU.Build.0 = Release|Any CPU
		{AC784A55-CCE0-402F-99D0-4EB9147B3566}.Debug|Any CPU.ActiveCfg = Debug|Any CPU
		{AC784A55-CCE0-402F-99D0-4EB9147B3566}.Debug|Any CPU.Build.0 = Debug|Any CPU
		{AC784A55-CCE0-402F-99D0-4EB9147B3566}.Release|Any CPU.ActiveCfg = Release|Any CPU
		{AC784A55-CCE0-402F-99D0-4EB9147B3566}.Release|Any CPU.Build.0 = Release|Any CPU
		{BA3FF06C-CEFC-403D-BCCB-82AE90452B89}.Debug|Any CPU.ActiveCfg = Debug|Any CPU
		{BA3FF06C-CEFC-403D-BCCB-82AE90452B89}.Debug|Any CPU.Build.0 = Debug|Any CPU
		{BA3FF06C-CEFC-403D-BCCB-82AE90452B89}.Release|Any CPU.ActiveCfg = Release|Any CPU
		{BA3FF06C-CEFC-403D-BCCB-82AE90452B89}.Release|Any CPU.Build.0 = Release|Any CPU
		{87004BAB-DAAC-4344-A719-2C8164DA9B27}.Debug|Any CPU.ActiveCfg = Debug|Any CPU
		{87004BAB-DAAC-4344-A719-2C8164DA9B27}.Debug|Any CPU.Build.0 = Debug|Any CPU
		{87004BAB-DAAC-4344-A719-2C8164DA9B27}.Release|Any CPU.ActiveCfg = Release|Any CPU
		{87004BAB-DAAC-4344-A719-2C8164DA9B27}.Release|Any CPU.Build.0 = Release|Any CPU
		{E5C773FE-4B4A-41A0-B2E4-1379E35DD7D2}.Debug|Any CPU.ActiveCfg = Debug|Any CPU
		{E5C773FE-4B4A-41A0-B2E4-1379E35DD7D2}.Debug|Any CPU.Build.0 = Debug|Any CPU
		{E5C773FE-4B4A-41A0-B2E4-1379E35DD7D2}.Release|Any CPU.ActiveCfg = Release|Any CPU
		{E5C773FE-4B4A-41A0-B2E4-1379E35DD7D2}.Release|Any CPU.Build.0 = Release|Any CPU
		{893FC428-7C18-40EF-81E8-244635579CC7}.Debug|Any CPU.ActiveCfg = Debug|Any CPU
		{893FC428-7C18-40EF-81E8-244635579CC7}.Debug|Any CPU.Build.0 = Debug|Any CPU
		{893FC428-7C18-40EF-81E8-244635579CC7}.Release|Any CPU.ActiveCfg = Release|Any CPU
		{893FC428-7C18-40EF-81E8-244635579CC7}.Release|Any CPU.Build.0 = Release|Any CPU
		{FBE6E01F-0A36-4AD2-AA70-F1DFA8791B81}.Debug|Any CPU.ActiveCfg = Debug|Any CPU
		{FBE6E01F-0A36-4AD2-AA70-F1DFA8791B81}.Debug|Any CPU.Build.0 = Debug|Any CPU
		{FBE6E01F-0A36-4AD2-AA70-F1DFA8791B81}.Release|Any CPU.ActiveCfg = Release|Any CPU
		{FBE6E01F-0A36-4AD2-AA70-F1DFA8791B81}.Release|Any CPU.Build.0 = Release|Any CPU
		{F6875CE9-D6B8-4715-9A31-CBDFE1DF85BC}.Debug|Any CPU.ActiveCfg = Debug|Any CPU
		{F6875CE9-D6B8-4715-9A31-CBDFE1DF85BC}.Debug|Any CPU.Build.0 = Debug|Any CPU
		{F6875CE9-D6B8-4715-9A31-CBDFE1DF85BC}.Release|Any CPU.ActiveCfg = Release|Any CPU
		{F6875CE9-D6B8-4715-9A31-CBDFE1DF85BC}.Release|Any CPU.Build.0 = Release|Any CPU
		{52CAB8BE-CF6C-4894-961E-3A4A9C662F2F}.Debug|Any CPU.ActiveCfg = Debug|Any CPU
		{52CAB8BE-CF6C-4894-961E-3A4A9C662F2F}.Debug|Any CPU.Build.0 = Debug|Any CPU
		{52CAB8BE-CF6C-4894-961E-3A4A9C662F2F}.Release|Any CPU.ActiveCfg = Release|Any CPU
		{52CAB8BE-CF6C-4894-961E-3A4A9C662F2F}.Release|Any CPU.Build.0 = Release|Any CPU
		{C3C77DDA-A729-499A-9138-745FB622212A}.Debug|Any CPU.ActiveCfg = Debug|Any CPU
		{C3C77DDA-A729-499A-9138-745FB622212A}.Debug|Any CPU.Build.0 = Debug|Any CPU
		{C3C77DDA-A729-499A-9138-745FB622212A}.Release|Any CPU.ActiveCfg = Release|Any CPU
		{C3C77DDA-A729-499A-9138-745FB622212A}.Release|Any CPU.Build.0 = Release|Any CPU
		{40345308-5871-4BDC-8D77-07E7B702F169}.Debug|Any CPU.ActiveCfg = Debug|Any CPU
		{40345308-5871-4BDC-8D77-07E7B702F169}.Debug|Any CPU.Build.0 = Debug|Any CPU
		{40345308-5871-4BDC-8D77-07E7B702F169}.Release|Any CPU.ActiveCfg = Release|Any CPU
		{40345308-5871-4BDC-8D77-07E7B702F169}.Release|Any CPU.Build.0 = Release|Any CPU
		{A3FD9C88-5283-40BB-81D0-44708C8313D8}.Debug|Any CPU.ActiveCfg = Debug|Any CPU
		{A3FD9C88-5283-40BB-81D0-44708C8313D8}.Debug|Any CPU.Build.0 = Debug|Any CPU
		{A3FD9C88-5283-40BB-81D0-44708C8313D8}.Release|Any CPU.ActiveCfg = Release|Any CPU
		{A3FD9C88-5283-40BB-81D0-44708C8313D8}.Release|Any CPU.Build.0 = Release|Any CPU
	EndGlobalSection
	GlobalSection(SolutionProperties) = preSolution
		HideSolutionNode = FALSE
	EndGlobalSection
	GlobalSection(NestedProjects) = preSolution
		{6CAFC0C6-A428-4D30-A9F9-700E829FEA51} = {5C8B7391-D202-4B09-8991-3EBAC09A585E}
		{BA3FF06C-CEFC-403D-BCCB-82AE90452B89} = {5C8B7391-D202-4B09-8991-3EBAC09A585E}
	EndGlobalSection
	GlobalSection(ExtensibilityGlobals) = postSolution
		SolutionGuid = {E5382820-51FF-4B00-92BE-C78E80EA0841}
	EndGlobalSection
EndGlobal
